
Microsoft Visual Studio Solution File, Format Version 12.00
Project("{FAE04EC0-301F-11D3-BF4B-00C04F79EFBC}") = "Lektion3Opgaver", "Lektion3Opgaver\Lektion3Opgaver.csproj", "{59DE9782-C901-46C2-8B72-99519B9697FA}"
EndProject
Global
	GlobalSection(SolutionConfigurationPlatforms) = preSolution
		Debug|Any CPU = Debug|Any CPU
		Release|Any CPU = Release|Any CPU
	EndGlobalSection
	GlobalSection(ProjectConfigurationPlatforms) = postSolution
		{59DE9782-C901-46C2-8B72-99519B9697FA}.Debug|Any CPU.ActiveCfg = Debug|Any CPU
		{59DE9782-C901-46C2-8B72-99519B9697FA}.Debug|Any CPU.Build.0 = Debug|Any CPU
		{59DE9782-C901-46C2-8B72-99519B9697FA}.Release|Any CPU.ActiveCfg = Release|Any CPU
		{59DE9782-C901-46C2-8B72-99519B9697FA}.Release|Any CPU.Build.0 = Release|Any CPU
	EndGlobalSection
EndGlobal
