
Microsoft Visual Studio Solution File, Format Version 12.00
Project("{FAE04EC0-301F-11D3-BF4B-00C04F79EFBC}") = "MSMQPointToPoint", "MSMQPointToPoint\MSMQPointToPoint.csproj", "{2F22D6A3-C66C-45D6-9555-38D624C028B7}"
EndProject
Global
	GlobalSection(SolutionConfigurationPlatforms) = preSolution
		Debug|Any CPU = Debug|Any CPU
		Release|Any CPU = Release|Any CPU
	EndGlobalSection
	GlobalSection(ProjectConfigurationPlatforms) = postSolution
		{2F22D6A3-C66C-45D6-9555-38D624C028B7}.Debug|Any CPU.ActiveCfg = Debug|Any CPU
		{2F22D6A3-C66C-45D6-9555-38D624C028B7}.Debug|Any CPU.Build.0 = Debug|Any CPU
		{2F22D6A3-C66C-45D6-9555-38D624C028B7}.Release|Any CPU.ActiveCfg = Release|Any CPU
		{2F22D6A3-C66C-45D6-9555-38D624C028B7}.Release|Any CPU.Build.0 = Release|Any CPU
	EndGlobalSection
EndGlobal
