
Microsoft Visual Studio Solution File, Format Version 12.00
Project("{FAE04EC0-301F-11D3-BF4B-00C04F79EFBC}") = "SumTest", "SumTest\SumTest.csproj", "{B19E6617-AFCD-4764-AB2B-CD2587C8A412}"
EndProject
Project("{FAE04EC0-301F-11D3-BF4B-00C04F79EFBC}") = "TestProject1", "TestProject1\TestProject1.csproj", "{F833CFAC-05E8-4CF4-A132-415DD6DD79A9}"
EndProject
Global
	GlobalSection(SolutionConfigurationPlatforms) = preSolution
		Debug|Any CPU = Debug|Any CPU
		Release|Any CPU = Release|Any CPU
	EndGlobalSection
	GlobalSection(ProjectConfigurationPlatforms) = postSolution
		{B19E6617-AFCD-4764-AB2B-CD2587C8A412}.Debug|Any CPU.ActiveCfg = Debug|Any CPU
		{B19E6617-AFCD-4764-AB2B-CD2587C8A412}.Debug|Any CPU.Build.0 = Debug|Any CPU
		{B19E6617-AFCD-4764-AB2B-CD2587C8A412}.Release|Any CPU.ActiveCfg = Release|Any CPU
		{B19E6617-AFCD-4764-AB2B-CD2587C8A412}.Release|Any CPU.Build.0 = Release|Any CPU
		{F833CFAC-05E8-4CF4-A132-415DD6DD79A9}.Debug|Any CPU.ActiveCfg = Debug|Any CPU
		{F833CFAC-05E8-4CF4-A132-415DD6DD79A9}.Debug|Any CPU.Build.0 = Debug|Any CPU
		{F833CFAC-05E8-4CF4-A132-415DD6DD79A9}.Release|Any CPU.ActiveCfg = Release|Any CPU
		{F833CFAC-05E8-4CF4-A132-415DD6DD79A9}.Release|Any CPU.Build.0 = Release|Any CPU
	EndGlobalSection
EndGlobal
