
Microsoft Visual Studio Solution File, Format Version 12.00
Project("{FAE04EC0-301F-11D3-BF4B-00C04F79EFBC}") = "Lektion9Opgave2", "Lektion9Opgave2\Lektion9Opgave2.csproj", "{FD327650-7AD2-4E9D-AEC0-614C664F652F}"
EndProject
Global
	GlobalSection(SolutionConfigurationPlatforms) = preSolution
		Debug|Any CPU = Debug|Any CPU
		Release|Any CPU = Release|Any CPU
	EndGlobalSection
	GlobalSection(ProjectConfigurationPlatforms) = postSolution
		{FD327650-7AD2-4E9D-AEC0-614C664F652F}.Debug|Any CPU.ActiveCfg = Debug|Any CPU
		{FD327650-7AD2-4E9D-AEC0-614C664F652F}.Debug|Any CPU.Build.0 = Debug|Any CPU
		{FD327650-7AD2-4E9D-AEC0-614C664F652F}.Release|Any CPU.ActiveCfg = Release|Any CPU
		{FD327650-7AD2-4E9D-AEC0-614C664F652F}.Release|Any CPU.Build.0 = Release|Any CPU
	EndGlobalSection
EndGlobal
