
Microsoft Visual Studio Solution File, Format Version 12.00
Project("{FAE04EC0-301F-11D3-BF4B-00C04F79EFBC}") = "Lektion16Opgaver", "Lektion16Opgaver\Lektion16Opgaver.csproj", "{24E50DDC-989B-4C6E-937C-C72351BC7C3E}"
EndProject
Project("{FAE04EC0-301F-11D3-BF4B-00C04F79EFBC}") = "Lektion16Opgave2", "Lektion16Opgave2\Lektion16Opgave2.csproj", "{338FE758-E87C-4A67-872F-D9157679EB8E}"
EndProject
Global
	GlobalSection(SolutionConfigurationPlatforms) = preSolution
		Debug|Any CPU = Debug|Any CPU
		Release|Any CPU = Release|Any CPU
	EndGlobalSection
	GlobalSection(ProjectConfigurationPlatforms) = postSolution
		{24E50DDC-989B-4C6E-937C-C72351BC7C3E}.Debug|Any CPU.ActiveCfg = Debug|Any CPU
		{24E50DDC-989B-4C6E-937C-C72351BC7C3E}.Debug|Any CPU.Build.0 = Debug|Any CPU
		{24E50DDC-989B-4C6E-937C-C72351BC7C3E}.Release|Any CPU.ActiveCfg = Release|Any CPU
		{24E50DDC-989B-4C6E-937C-C72351BC7C3E}.Release|Any CPU.Build.0 = Release|Any CPU
		{338FE758-E87C-4A67-872F-D9157679EB8E}.Debug|Any CPU.ActiveCfg = Debug|Any CPU
		{338FE758-E87C-4A67-872F-D9157679EB8E}.Debug|Any CPU.Build.0 = Debug|Any CPU
		{338FE758-E87C-4A67-872F-D9157679EB8E}.Release|Any CPU.ActiveCfg = Release|Any CPU
		{338FE758-E87C-4A67-872F-D9157679EB8E}.Release|Any CPU.Build.0 = Release|Any CPU
	EndGlobalSection
EndGlobal
