
Microsoft Visual Studio Solution File, Format Version 12.00
Project("{FAE04EC0-301F-11D3-BF4B-00C04F79EFBC}") = "MauiApp3", "MauiApp3\MauiApp3.csproj", "{72464AA7-58D8-483C-87CD-9D2B0258419D}"
EndProject
Global
	GlobalSection(SolutionConfigurationPlatforms) = preSolution
		Debug|Any CPU = Debug|Any CPU
		Release|Any CPU = Release|Any CPU
	EndGlobalSection
	GlobalSection(ProjectConfigurationPlatforms) = postSolution
		{72464AA7-58D8-483C-87CD-9D2B0258419D}.Debug|Any CPU.ActiveCfg = Debug|Any CPU
		{72464AA7-58D8-483C-87CD-9D2B0258419D}.Debug|Any CPU.Build.0 = Debug|Any CPU
		{72464AA7-58D8-483C-87CD-9D2B0258419D}.Release|Any CPU.ActiveCfg = Release|Any CPU
		{72464AA7-58D8-483C-87CD-9D2B0258419D}.Release|Any CPU.Build.0 = Release|Any CPU
	EndGlobalSection
EndGlobal
